
Microsoft Visual Studio Solution File, Format Version 12.00
# Visual Studio Version 16
VisualStudioVersion = 16.0.28803.156
MinimumVisualStudioVersion = 10.0.40219.1
Project("{8BC9CEB8-8B4A-11D0-8D11-00A0C91BC942}") = "CopyMini3D", "CopyMini3D\CopyMini3D.vcxproj", "{7CF1B837-E7BD-493D-9DD4-ACAC71CD1297}"
EndProject
Project("{8BC9CEB8-8B4A-11D0-8D11-00A0C91BC942}") = "RayTracer", "RayTracer\RayTracer.vcxproj", "{B165F4CE-E600-4DA4-BF28-26245ED6072C}"
EndProject
Project("{8BC9CEB8-8B4A-11D0-8D11-00A0C91BC942}") = "MultiThreads", "MultiThreads\MultiThreads.vcxproj", "{FADBD0E9-FCC7-48A9-A344-5E84D2C472FC}"
EndProject
Project("{8BC9CEB8-8B4A-11D0-8D11-00A0C91BC942}") = "GUITest", "GUITest\GUITest.vcxproj", "{62D258F3-DE6D-4EB5-96B6-2C30CE12F61E}"
EndProject
Project("{8BC9CEB8-8B4A-11D0-8D11-00A0C91BC942}") = "SoftRendering", "SoftRendering\SoftRendering.vcxproj", "{66FC82F1-B75D-47DF-82F0-4DB95C530E85}"
EndProject
Project("{8BC9CEB8-8B4A-11D0-8D11-00A0C91BC942}") = "UnitTests", "UnitTests\UnitTests.vcxproj", "{2C99CD3A-88D2-40F8-88EE-2111F01D6E13}"
EndProject
Global
	GlobalSection(SolutionConfigurationPlatforms) = preSolution
		Debug|x64 = Debug|x64
		Debug|x86 = Debug|x86
		Release|x64 = Release|x64
		Release|x86 = Release|x86
	EndGlobalSection
	GlobalSection(ProjectConfigurationPlatforms) = postSolution
		{7CF1B837-E7BD-493D-9DD4-ACAC71CD1297}.Debug|x64.ActiveCfg = Debug|x64
		{7CF1B837-E7BD-493D-9DD4-ACAC71CD1297}.Debug|x64.Build.0 = Debug|x64
		{7CF1B837-E7BD-493D-9DD4-ACAC71CD1297}.Debug|x86.ActiveCfg = Debug|Win32
		{7CF1B837-E7BD-493D-9DD4-ACAC71CD1297}.Debug|x86.Build.0 = Debug|Win32
		{7CF1B837-E7BD-493D-9DD4-ACAC71CD1297}.Release|x64.ActiveCfg = Release|x64
		{7CF1B837-E7BD-493D-9DD4-ACAC71CD1297}.Release|x64.Build.0 = Release|x64
		{7CF1B837-E7BD-493D-9DD4-ACAC71CD1297}.Release|x86.ActiveCfg = Release|Win32
		{7CF1B837-E7BD-493D-9DD4-ACAC71CD1297}.Release|x86.Build.0 = Release|Win32
		{B165F4CE-E600-4DA4-BF28-26245ED6072C}.Debug|x64.ActiveCfg = Debug|x64
		{B165F4CE-E600-4DA4-BF28-26245ED6072C}.Debug|x64.Build.0 = Debug|x64
		{B165F4CE-E600-4DA4-BF28-26245ED6072C}.Debug|x86.ActiveCfg = Debug|Win32
		{B165F4CE-E600-4DA4-BF28-26245ED6072C}.Debug|x86.Build.0 = Debug|Win32
		{B165F4CE-E600-4DA4-BF28-26245ED6072C}.Release|x64.ActiveCfg = Release|x64
		{B165F4CE-E600-4DA4-BF28-26245ED6072C}.Release|x64.Build.0 = Release|x64
		{B165F4CE-E600-4DA4-BF28-26245ED6072C}.Release|x86.ActiveCfg = Release|Win32
		{B165F4CE-E600-4DA4-BF28-26245ED6072C}.Release|x86.Build.0 = Release|Win32
		{FADBD0E9-FCC7-48A9-A344-5E84D2C472FC}.Debug|x64.ActiveCfg = Debug|x64
		{FADBD0E9-FCC7-48A9-A344-5E84D2C472FC}.Debug|x64.Build.0 = Debug|x64
		{FADBD0E9-FCC7-48A9-A344-5E84D2C472FC}.Debug|x86.ActiveCfg = Debug|Win32
		{FADBD0E9-FCC7-48A9-A344-5E84D2C472FC}.Debug|x86.Build.0 = Debug|Win32
		{FADBD0E9-FCC7-48A9-A344-5E84D2C472FC}.Release|x64.ActiveCfg = Release|x64
		{FADBD0E9-FCC7-48A9-A344-5E84D2C472FC}.Release|x64.Build.0 = Release|x64
		{FADBD0E9-FCC7-48A9-A344-5E84D2C472FC}.Release|x86.ActiveCfg = Release|Win32
		{FADBD0E9-FCC7-48A9-A344-5E84D2C472FC}.Release|x86.Build.0 = Release|Win32
		{62D258F3-DE6D-4EB5-96B6-2C30CE12F61E}.Debug|x64.ActiveCfg = Debug|x64
		{62D258F3-DE6D-4EB5-96B6-2C30CE12F61E}.Debug|x64.Build.0 = Debug|x64
		{62D258F3-DE6D-4EB5-96B6-2C30CE12F61E}.Debug|x86.ActiveCfg = Debug|Win32
		{62D258F3-DE6D-4EB5-96B6-2C30CE12F61E}.Debug|x86.Build.0 = Debug|Win32
		{62D258F3-DE6D-4EB5-96B6-2C30CE12F61E}.Release|x64.ActiveCfg = Release|x64
		{62D258F3-DE6D-4EB5-96B6-2C30CE12F61E}.Release|x64.Build.0 = Release|x64
		{62D258F3-DE6D-4EB5-96B6-2C30CE12F61E}.Release|x86.ActiveCfg = Release|Win32
		{62D258F3-DE6D-4EB5-96B6-2C30CE12F61E}.Release|x86.Build.0 = Release|Win32
		{66FC82F1-B75D-47DF-82F0-4DB95C530E85}.Debug|x64.ActiveCfg = Debug|x64
		{66FC82F1-B75D-47DF-82F0-4DB95C530E85}.Debug|x64.Build.0 = Debug|x64
		{66FC82F1-B75D-47DF-82F0-4DB95C530E85}.Debug|x86.ActiveCfg = Debug|Win32
		{66FC82F1-B75D-47DF-82F0-4DB95C530E85}.Debug|x86.Build.0 = Debug|Win32
		{66FC82F1-B75D-47DF-82F0-4DB95C530E85}.Release|x64.ActiveCfg = Release|x64
		{66FC82F1-B75D-47DF-82F0-4DB95C530E85}.Release|x64.Build.0 = Release|x64
		{66FC82F1-B75D-47DF-82F0-4DB95C530E85}.Release|x86.ActiveCfg = Release|Win32
		{66FC82F1-B75D-47DF-82F0-4DB95C530E85}.Release|x86.Build.0 = Release|Win32
		{2C99CD3A-88D2-40F8-88EE-2111F01D6E13}.Debug|x64.ActiveCfg = Debug|x64
		{2C99CD3A-88D2-40F8-88EE-2111F01D6E13}.Debug|x64.Build.0 = Debug|x64
		{2C99CD3A-88D2-40F8-88EE-2111F01D6E13}.Debug|x86.ActiveCfg = Debug|Win32
		{2C99CD3A-88D2-40F8-88EE-2111F01D6E13}.Debug|x86.Build.0 = Debug|Win32
		{2C99CD3A-88D2-40F8-88EE-2111F01D6E13}.Release|x64.ActiveCfg = Release|x64
		{2C99CD3A-88D2-40F8-88EE-2111F01D6E13}.Release|x64.Build.0 = Release|x64
		{2C99CD3A-88D2-40F8-88EE-2111F01D6E13}.Release|x86.ActiveCfg = Release|Win32
		{2C99CD3A-88D2-40F8-88EE-2111F01D6E13}.Release|x86.Build.0 = Release|Win32
	EndGlobalSection
	GlobalSection(SolutionProperties) = preSolution
		HideSolutionNode = FALSE
	EndGlobalSection
	GlobalSection(ExtensibilityGlobals) = postSolution
		SolutionGuid = {6F6894B9-8F38-440C-89C3-BB011A5E3A8C}
	EndGlobalSection
EndGlobal
